// !$*UTF8*$!
{
	archiveVersion = 1;
	classes = {
	};
	objectVersion = 46;
	objects = {

/* Begin PBXBuildFile section */
		3EBF31BD14EC92A500541A02 /* UIKit.framework in Frameworks */ = {isa = PBXBuildFile; fileRef = 3EBF31BC14EC92A500541A02 /* UIKit.framework */; };
		3EBF31BF14EC92A500541A02 /* Foundation.framework in Frameworks */ = {isa = PBXBuildFile; fileRef = 3EBF31BE14EC92A500541A02 /* Foundation.framework */; };
		3EBF31C114EC92A500541A02 /* CoreGraphics.framework in Frameworks */ = {isa = PBXBuildFile; fileRef = 3EBF31C014EC92A500541A02 /* CoreGraphics.framework */; };
		3EBF31C714EC92A500541A02 /* InfoPlist.strings in Resources */ = {isa = PBXBuildFile; fileRef = 3EBF31C514EC92A500541A02 /* InfoPlist.strings */; };
		3EBF31C914EC92A500541A02 /* main.m in Sources */ = {isa = PBXBuildFile; fileRef = 3EBF31C814EC92A500541A02 /* main.m */; };
		3EBF31CD14EC92A500541A02 /* AppDelegate.m in Sources */ = {isa = PBXBuildFile; fileRef = 3EBF31CC14EC92A500541A02 /* AppDelegate.m */; };
		3EBF31D014EC92A500541A02 /* ViewController.m in Sources */ = {isa = PBXBuildFile; fileRef = 3EBF31CF14EC92A500541A02 /* ViewController.m */; };
		3EBF31D314EC92A500541A02 /* ViewController.xib in Resources */ = {isa = PBXBuildFile; fileRef = 3EBF31D114EC92A500541A02 /* ViewController.xib */; };
		3EBF31FA14EC933800541A02 /* CFNetwork.framework in Frameworks */ = {isa = PBXBuildFile; fileRef = 3EBF31F914EC933800541A02 /* CFNetwork.framework */; };
		3EBF31FC14EC933F00541A02 /* SystemConfiguration.framework in Frameworks */ = {isa = PBXBuildFile; fileRef = 3EBF31FB14EC933F00541A02 /* SystemConfiguration.framework */; };
		3EBF31FE14EC934700541A02 /* MobileCoreServices.framework in Frameworks */ = {isa = PBXBuildFile; fileRef = 3EBF31FD14EC934700541A02 /* MobileCoreServices.framework */; };
		3EBF320014EC936200541A02 /* libz.dylib in Frameworks */ = {isa = PBXBuildFile; fileRef = 3EBF31FF14EC936200541A02 /* libz.dylib */; };
		3EBF320314EC9E9A00541A02 /* JSONKit.m in Sources */ = {isa = PBXBuildFile; fileRef = 3EBF320214EC9E9A00541A02 /* JSONKit.m */; settings = {COMPILER_FLAGS = "-fno-objc-arc"; }; };
		537364CC167BBCE0001A9B08 /* AFHTTPClient.m in Sources */ = {isa = PBXBuildFile; fileRef = 537364BA167BBCE0001A9B08 /* AFHTTPClient.m */; };
		537364CD167BBCE0001A9B08 /* AFHTTPRequestOperation.m in Sources */ = {isa = PBXBuildFile; fileRef = 537364BC167BBCE0001A9B08 /* AFHTTPRequestOperation.m */; };
		537364CE167BBCE0001A9B08 /* AFImageRequestOperation.m in Sources */ = {isa = PBXBuildFile; fileRef = 537364BE167BBCE0001A9B08 /* AFImageRequestOperation.m */; };
		537364CF167BBCE0001A9B08 /* AFJSONRequestOperation.m in Sources */ = {isa = PBXBuildFile; fileRef = 537364C0167BBCE0001A9B08 /* AFJSONRequestOperation.m */; };
		537364D0167BBCE0001A9B08 /* AFNetworkActivityIndicatorManager.m in Sources */ = {isa = PBXBuildFile; fileRef = 537364C2167BBCE0001A9B08 /* AFNetworkActivityIndicatorManager.m */; };
		537364D1167BBCE0001A9B08 /* AFPropertyListRequestOperation.m in Sources */ = {isa = PBXBuildFile; fileRef = 537364C5167BBCE0001A9B08 /* AFPropertyListRequestOperation.m */; };
		537364D2167BBCE0001A9B08 /* AFURLConnectionOperation.m in Sources */ = {isa = PBXBuildFile; fileRef = 537364C7167BBCE0001A9B08 /* AFURLConnectionOperation.m */; };
		537364D3167BBCE0001A9B08 /* AFXMLRequestOperation.m in Sources */ = {isa = PBXBuildFile; fileRef = 537364C9167BBCE0001A9B08 /* AFXMLRequestOperation.m */; };
		537364D4167BBCE0001A9B08 /* UIImageView+AFNetworking.m in Sources */ = {isa = PBXBuildFile; fileRef = 537364CB167BBCE0001A9B08 /* UIImageView+AFNetworking.m */; };
/* End PBXBuildFile section */

/* Begin PBXFileReference section */
		3EBF31B814EC92A500541A02 /* Photos.app */ = {isa = PBXFileReference; explicitFileType = wrapper.application; includeInIndex = 0; path = Photos.app; sourceTree = BUILT_PRODUCTS_DIR; };
		3EBF31BC14EC92A500541A02 /* UIKit.framework */ = {isa = PBXFileReference; lastKnownFileType = wrapper.framework; name = UIKit.framework; path = System/Library/Frameworks/UIKit.framework; sourceTree = SDKROOT; };
		3EBF31BE14EC92A500541A02 /* Foundation.framework */ = {isa = PBXFileReference; lastKnownFileType = wrapper.framework; name = Foundation.framework; path = System/Library/Frameworks/Foundation.framework; sourceTree = SDKROOT; };
		3EBF31C014EC92A500541A02 /* CoreGraphics.framework */ = {isa = PBXFileReference; lastKnownFileType = wrapper.framework; name = CoreGraphics.framework; path = System/Library/Frameworks/CoreGraphics.framework; sourceTree = SDKROOT; };
		3EBF31C414EC92A500541A02 /* Photos-Info.plist */ = {isa = PBXFileReference; lastKnownFileType = text.plist.xml; path = "Photos-Info.plist"; sourceTree = "<group>"; };
		3EBF31C614EC92A500541A02 /* en */ = {isa = PBXFileReference; lastKnownFileType = text.plist.strings; name = en; path = en.lproj/InfoPlist.strings; sourceTree = "<group>"; };
		3EBF31C814EC92A500541A02 /* main.m */ = {isa = PBXFileReference; lastKnownFileType = sourcecode.c.objc; path = main.m; sourceTree = "<group>"; };
		3EBF31CA14EC92A500541A02 /* Photos-Prefix.pch */ = {isa = PBXFileReference; lastKnownFileType = sourcecode.c.h; path = "Photos-Prefix.pch"; sourceTree = "<group>"; };
		3EBF31CB14EC92A500541A02 /* AppDelegate.h */ = {isa = PBXFileReference; lastKnownFileType = sourcecode.c.h; path = AppDelegate.h; sourceTree = "<group>"; };
		3EBF31CC14EC92A500541A02 /* AppDelegate.m */ = {isa = PBXFileReference; lastKnownFileType = sourcecode.c.objc; path = AppDelegate.m; sourceTree = "<group>"; };
		3EBF31CE14EC92A500541A02 /* ViewController.h */ = {isa = PBXFileReference; lastKnownFileType = sourcecode.c.h; path = ViewController.h; sourceTree = "<group>"; };
		3EBF31CF14EC92A500541A02 /* ViewController.m */ = {isa = PBXFileReference; lastKnownFileType = sourcecode.c.objc; path = ViewController.m; sourceTree = "<group>"; };
		3EBF31D214EC92A500541A02 /* en */ = {isa = PBXFileReference; lastKnownFileType = file.xib; name = en; path = en.lproj/ViewController.xib; sourceTree = "<group>"; };
		3EBF31F914EC933800541A02 /* CFNetwork.framework */ = {isa = PBXFileReference; lastKnownFileType = wrapper.framework; name = CFNetwork.framework; path = System/Library/Frameworks/CFNetwork.framework; sourceTree = SDKROOT; };
		3EBF31FB14EC933F00541A02 /* SystemConfiguration.framework */ = {isa = PBXFileReference; lastKnownFileType = wrapper.framework; name = SystemConfiguration.framework; path = System/Library/Frameworks/SystemConfiguration.framework; sourceTree = SDKROOT; };
		3EBF31FD14EC934700541A02 /* MobileCoreServices.framework */ = {isa = PBXFileReference; lastKnownFileType = wrapper.framework; name = MobileCoreServices.framework; path = System/Library/Frameworks/MobileCoreServices.framework; sourceTree = SDKROOT; };
		3EBF31FF14EC936200541A02 /* libz.dylib */ = {isa = PBXFileReference; lastKnownFileType = "compiled.mach-o.dylib"; name = libz.dylib; path = usr/lib/libz.dylib; sourceTree = SDKROOT; };
		3EBF320114EC9E9900541A02 /* JSONKit.h */ = {isa = PBXFileReference; fileEncoding = 4; lastKnownFileType = sourcecode.c.h; path = JSONKit.h; sourceTree = "<group>"; };
		3EBF320214EC9E9A00541A02 /* JSONKit.m */ = {isa = PBXFileReference; fileEncoding = 4; lastKnownFileType = sourcecode.c.objc; path = JSONKit.m; sourceTree = "<group>"; };
		537364B9167BBCE0001A9B08 /* AFHTTPClient.h */ = {isa = PBXFileReference; fileEncoding = 4; lastKnownFileType = sourcecode.c.h; path = AFHTTPClient.h; sourceTree = "<group>"; };
		537364BA167BBCE0001A9B08 /* AFHTTPClient.m */ = {isa = PBXFileReference; fileEncoding = 4; lastKnownFileType = sourcecode.c.objc; path = AFHTTPClient.m; sourceTree = "<group>"; };
		537364BB167BBCE0001A9B08 /* AFHTTPRequestOperation.h */ = {isa = PBXFileReference; fileEncoding = 4; lastKnownFileType = sourcecode.c.h; path = AFHTTPRequestOperation.h; sourceTree = "<group>"; };
		537364BC167BBCE0001A9B08 /* AFHTTPRequestOperation.m */ = {isa = PBXFileReference; fileEncoding = 4; lastKnownFileType = sourcecode.c.objc; path = AFHTTPRequestOperation.m; sourceTree = "<group>"; };
		537364BD167BBCE0001A9B08 /* AFImageRequestOperation.h */ = {isa = PBXFileReference; fileEncoding = 4; lastKnownFileType = sourcecode.c.h; path = AFImageRequestOperation.h; sourceTree = "<group>"; };
		537364BE167BBCE0001A9B08 /* AFImageRequestOperation.m */ = {isa = PBXFileReference; fileEncoding = 4; lastKnownFileType = sourcecode.c.objc; path = AFImageRequestOperation.m; sourceTree = "<group>"; };
		537364BF167BBCE0001A9B08 /* AFJSONRequestOperation.h */ = {isa = PBXFileReference; fileEncoding = 4; lastKnownFileType = sourcecode.c.h; path = AFJSONRequestOperation.h; sourceTree = "<group>"; };
		537364C0167BBCE0001A9B08 /* AFJSONRequestOperation.m */ = {isa = PBXFileReference; fileEncoding = 4; lastKnownFileType = sourcecode.c.objc; path = AFJSONRequestOperation.m; sourceTree = "<group>"; };
		537364C1167BBCE0001A9B08 /* AFNetworkActivityIndicatorManager.h */ = {isa = PBXFileReference; fileEncoding = 4; lastKnownFileType = sourcecode.c.h; path = AFNetworkActivityIndicatorManager.h; sourceTree = "<group>"; };
		537364C2167BBCE0001A9B08 /* AFNetworkActivityIndicatorManager.m */ = {isa = PBXFileReference; fileEncoding = 4; lastKnownFileType = sourcecode.c.objc; path = AFNetworkActivityIndicatorManager.m; sourceTree = "<group>"; };
		537364C3167BBCE0001A9B08 /* AFNetworking.h */ = {isa = PBXFileReference; fileEncoding = 4; lastKnownFileType = sourcecode.c.h; path = AFNetworking.h; sourceTree = "<group>"; };
		537364C4167BBCE0001A9B08 /* AFPropertyListRequestOperation.h */ = {isa = PBXFileReference; fileEncoding = 4; lastKnownFileType = sourcecode.c.h; path = AFPropertyListRequestOperation.h; sourceTree = "<group>"; };
		537364C5167BBCE0001A9B08 /* AFPropertyListRequestOperation.m */ = {isa = PBXFileReference; fileEncoding = 4; lastKnownFileType = sourcecode.c.objc; path = AFPropertyListRequestOperation.m; sourceTree = "<group>"; };
		537364C6167BBCE0001A9B08 /* AFURLConnectionOperation.h */ = {isa = PBXFileReference; fileEncoding = 4; lastKnownFileType = sourcecode.c.h; path = AFURLConnectionOperation.h; sourceTree = "<group>"; };
		537364C7167BBCE0001A9B08 /* AFURLConnectionOperation.m */ = {isa = PBXFileReference; fileEncoding = 4; lastKnownFileType = sourcecode.c.objc; path = AFURLConnectionOperation.m; sourceTree = "<group>"; };
		537364C8167BBCE0001A9B08 /* AFXMLRequestOperation.h */ = {isa = PBXFileReference; fileEncoding = 4; lastKnownFileType = sourcecode.c.h; path = AFXMLRequestOperation.h; sourceTree = "<group>"; };
		537364C9167BBCE0001A9B08 /* AFXMLRequestOperation.m */ = {isa = PBXFileReference; fileEncoding = 4; lastKnownFileType = sourcecode.c.objc; path = AFXMLRequestOperation.m; sourceTree = "<group>"; };
		537364CA167BBCE0001A9B08 /* UIImageView+AFNetworking.h */ = {isa = PBXFileReference; fileEncoding = 4; lastKnownFileType = sourcecode.c.h; path = "UIImageView+AFNetworking.h"; sourceTree = "<group>"; };
		537364CB167BBCE0001A9B08 /* UIImageView+AFNetworking.m */ = {isa = PBXFileReference; fileEncoding = 4; lastKnownFileType = sourcecode.c.objc; path = "UIImageView+AFNetworking.m"; sourceTree = "<group>"; };
/* End PBXFileReference section */

/* Begin PBXFrameworksBuildPhase section */
		3EBF31B514EC92A500541A02 /* Frameworks */ = {
			isa = PBXFrameworksBuildPhase;
			buildActionMask = 2147483647;
			files = (
				3EBF320014EC936200541A02 /* libz.dylib in Frameworks */,
				3EBF31FE14EC934700541A02 /* MobileCoreServices.framework in Frameworks */,
				3EBF31FC14EC933F00541A02 /* SystemConfiguration.framework in Frameworks */,
				3EBF31FA14EC933800541A02 /* CFNetwork.framework in Frameworks */,
				3EBF31BD14EC92A500541A02 /* UIKit.framework in Frameworks */,
				3EBF31BF14EC92A500541A02 /* Foundation.framework in Frameworks */,
				3EBF31C114EC92A500541A02 /* CoreGraphics.framework in Frameworks */,
			);
			runOnlyForDeploymentPostprocessing = 0;
		};
/* End PBXFrameworksBuildPhase section */

/* Begin PBXGroup section */
		3E9D1CD214F5D74900F4770D /* JSONKit */ = {
			isa = PBXGroup;
			children = (
				3EBF320114EC9E9900541A02 /* JSONKit.h */,
				3EBF320214EC9E9A00541A02 /* JSONKit.m */,
			);
			name = JSONKit;
			sourceTree = "<group>";
		};
		3EBF31AD14EC92A500541A02 = {
			isa = PBXGroup;
			children = (
				3EBF31C214EC92A500541A02 /* Photos */,
				3EBF31BB14EC92A500541A02 /* Frameworks */,
				3EBF31B914EC92A500541A02 /* Products */,
			);
			sourceTree = "<group>";
		};
		3EBF31B914EC92A500541A02 /* Products */ = {
			isa = PBXGroup;
			children = (
				3EBF31B814EC92A500541A02 /* Photos.app */,
			);
			name = Products;
			sourceTree = "<group>";
		};
		3EBF31BB14EC92A500541A02 /* Frameworks */ = {
			isa = PBXGroup;
			children = (
				3EBF31FF14EC936200541A02 /* libz.dylib */,
				3EBF31FD14EC934700541A02 /* MobileCoreServices.framework */,
				3EBF31FB14EC933F00541A02 /* SystemConfiguration.framework */,
				3EBF31F914EC933800541A02 /* CFNetwork.framework */,
				3EBF31BC14EC92A500541A02 /* UIKit.framework */,
				3EBF31BE14EC92A500541A02 /* Foundation.framework */,
				3EBF31C014EC92A500541A02 /* CoreGraphics.framework */,
			);
			name = Frameworks;
			sourceTree = "<group>";
		};
		3EBF31C214EC92A500541A02 /* Photos */ = {
			isa = PBXGroup;
			children = (
				537364B8167BBCE0001A9B08 /* AFNetworking */,
				3E9D1CD214F5D74900F4770D /* JSONKit */,
				3EBF31CB14EC92A500541A02 /* AppDelegate.h */,
				3EBF31CC14EC92A500541A02 /* AppDelegate.m */,
				3EBF31CE14EC92A500541A02 /* ViewController.h */,
				3EBF31CF14EC92A500541A02 /* ViewController.m */,
				3EBF31D114EC92A500541A02 /* ViewController.xib */,
				3EBF31C314EC92A500541A02 /* Supporting Files */,
			);
			path = Photos;
			sourceTree = "<group>";
		};
		3EBF31C314EC92A500541A02 /* Supporting Files */ = {
			isa = PBXGroup;
			children = (
				3EBF31C414EC92A500541A02 /* Photos-Info.plist */,
				3EBF31C514EC92A500541A02 /* InfoPlist.strings */,
				3EBF31C814EC92A500541A02 /* main.m */,
				3EBF31CA14EC92A500541A02 /* Photos-Prefix.pch */,
			);
			name = "Supporting Files";
			sourceTree = "<group>";
		};
		537364B8167BBCE0001A9B08 /* AFNetworking */ = {
			isa = PBXGroup;
			children = (
				537364B9167BBCE0001A9B08 /* AFHTTPClient.h */,
				537364BA167BBCE0001A9B08 /* AFHTTPClient.m */,
				537364BB167BBCE0001A9B08 /* AFHTTPRequestOperation.h */,
				537364BC167BBCE0001A9B08 /* AFHTTPRequestOperation.m */,
				537364BD167BBCE0001A9B08 /* AFImageRequestOperation.h */,
				537364BE167BBCE0001A9B08 /* AFImageRequestOperation.m */,
				537364BF167BBCE0001A9B08 /* AFJSONRequestOperation.h */,
				537364C0167BBCE0001A9B08 /* AFJSONRequestOperation.m */,
				537364C1167BBCE0001A9B08 /* AFNetworkActivityIndicatorManager.h */,
				537364C2167BBCE0001A9B08 /* AFNetworkActivityIndicatorManager.m */,
				537364C3167BBCE0001A9B08 /* AFNetworking.h */,
				537364C4167BBCE0001A9B08 /* AFPropertyListRequestOperation.h */,
				537364C5167BBCE0001A9B08 /* AFPropertyListRequestOperation.m */,
				537364C6167BBCE0001A9B08 /* AFURLConnectionOperation.h */,
				537364C7167BBCE0001A9B08 /* AFURLConnectionOperation.m */,
				537364C8167BBCE0001A9B08 /* AFXMLRequestOperation.h */,
				537364C9167BBCE0001A9B08 /* AFXMLRequestOperation.m */,
				537364CA167BBCE0001A9B08 /* UIImageView+AFNetworking.h */,
				537364CB167BBCE0001A9B08 /* UIImageView+AFNetworking.m */,
			);
			path = AFNetworking;
			sourceTree = "<group>";
		};
/* End PBXGroup section */

/* Begin PBXNativeTarget section */
		3EBF31B714EC92A500541A02 /* Photos */ = {
			isa = PBXNativeTarget;
			buildConfigurationList = 3EBF31D614EC92A500541A02 /* Build configuration list for PBXNativeTarget "Photos" */;
			buildPhases = (
				3EBF31B414EC92A500541A02 /* Sources */,
				3EBF31B514EC92A500541A02 /* Frameworks */,
				3EBF31B614EC92A500541A02 /* Resources */,
			);
			buildRules = (
			);
			dependencies = (
			);
			name = Photos;
			productName = Photos;
			productReference = 3EBF31B814EC92A500541A02 /* Photos.app */;
			productType = "com.apple.product-type.application";
		};
/* End PBXNativeTarget section */

/* Begin PBXProject section */
		3EBF31AF14EC92A500541A02 /* Project object */ = {
			isa = PBXProject;
			attributes = {
				LastUpgradeCheck = 0420;
			};
			buildConfigurationList = 3EBF31B214EC92A500541A02 /* Build configuration list for PBXProject "Photos" */;
			compatibilityVersion = "Xcode 3.2";
			developmentRegion = English;
			hasScannedForEncodings = 0;
			knownRegions = (
				en,
			);
			mainGroup = 3EBF31AD14EC92A500541A02;
			productRefGroup = 3EBF31B914EC92A500541A02 /* Products */;
			projectDirPath = "";
			projectRoot = "";
			targets = (
				3EBF31B714EC92A500541A02 /* Photos */,
			);
		};
/* End PBXProject section */

/* Begin PBXResourcesBuildPhase section */
		3EBF31B614EC92A500541A02 /* Resources */ = {
			isa = PBXResourcesBuildPhase;
			buildActionMask = 2147483647;
			files = (
				3EBF31C714EC92A500541A02 /* InfoPlist.strings in Resources */,
				3EBF31D314EC92A500541A02 /* ViewController.xib in Resources */,
			);
			runOnlyForDeploymentPostprocessing = 0;
		};
/* End PBXResourcesBuildPhase section */

/* Begin PBXSourcesBuildPhase section */
		3EBF31B414EC92A500541A02 /* Sources */ = {
			isa = PBXSourcesBuildPhase;
			buildActionMask = 2147483647;
			files = (
				3EBF31C914EC92A500541A02 /* main.m in Sources */,
				3EBF31CD14EC92A500541A02 /* AppDelegate.m in Sources */,
				3EBF31D014EC92A500541A02 /* ViewController.m in Sources */,
				3EBF320314EC9E9A00541A02 /* JSONKit.m in Sources */,
				537364CC167BBCE0001A9B08 /* AFHTTPClient.m in Sources */,
				537364CD167BBCE0001A9B08 /* AFHTTPRequestOperation.m in Sources */,
				537364CE167BBCE0001A9B08 /* AFImageRequestOperation.m in Sources */,
				537364CF167BBCE0001A9B08 /* AFJSONRequestOperation.m in Sources */,
				537364D0167BBCE0001A9B08 /* AFNetworkActivityIndicatorManager.m in Sources */,
				537364D1167BBCE0001A9B08 /* AFPropertyListRequestOperation.m in Sources */,
				537364D2167BBCE0001A9B08 /* AFURLConnectionOperation.m in Sources */,
				537364D3167BBCE0001A9B08 /* AFXMLRequestOperation.m in Sources */,
				537364D4167BBCE0001A9B08 /* UIImageView+AFNetworking.m in Sources */,
			);
			runOnlyForDeploymentPostprocessing = 0;
		};
/* End PBXSourcesBuildPhase section */

/* Begin PBXVariantGroup section */
		3EBF31C514EC92A500541A02 /* InfoPlist.strings */ = {
			isa = PBXVariantGroup;
			children = (
				3EBF31C614EC92A500541A02 /* en */,
			);
			name = InfoPlist.strings;
			sourceTree = "<group>";
		};
		3EBF31D114EC92A500541A02 /* ViewController.xib */ = {
			isa = PBXVariantGroup;
			children = (
				3EBF31D214EC92A500541A02 /* en */,
			);
			name = ViewController.xib;
			sourceTree = "<group>";
		};
/* End PBXVariantGroup section */

/* Begin XCBuildConfiguration section */
		3EBF31D414EC92A500541A02 /* Debug */ = {
			isa = XCBuildConfiguration;
			buildSettings = {
				ALWAYS_SEARCH_USER_PATHS = NO;
				ARCHS = "$(ARCHS_STANDARD_32_BIT)";
				"CODE_SIGN_IDENTITY[sdk=iphoneos*]" = "iPhone Developer";
				COPY_PHASE_STRIP = NO;
				GCC_C_LANGUAGE_STANDARD = gnu99;
				GCC_DYNAMIC_NO_PIC = NO;
				GCC_OPTIMIZATION_LEVEL = 0;
				GCC_PREPROCESSOR_DEFINITIONS = (
					"DEBUG=1",
					"$(inherited)",
				);
				GCC_SYMBOLS_PRIVATE_EXTERN = NO;
				GCC_VERSION = com.apple.compilers.llvm.clang.1_0;
				GCC_WARN_ABOUT_MISSING_PROTOTYPES = YES;
				GCC_WARN_ABOUT_RETURN_TYPE = YES;
				GCC_WARN_UNUSED_VARIABLE = YES;
				IPHONEOS_DEPLOYMENT_TARGET = 5.0;
				SDKROOT = iphoneos;
				TARGETED_DEVICE_FAMILY = 2;
			};
			name = Debug;
		};
		3EBF31D514EC92A500541A02 /* Release */ = {
			isa = XCBuildConfiguration;
			buildSettings = {
				ALWAYS_SEARCH_USER_PATHS = NO;
				ARCHS = "$(ARCHS_STANDARD_32_BIT)";
				"CODE_SIGN_IDENTITY[sdk=iphoneos*]" = "iPhone Developer";
				COPY_PHASE_STRIP = YES;
				GCC_C_LANGUAGE_STANDARD = gnu99;
				GCC_VERSION = com.apple.compilers.llvm.clang.1_0;
				GCC_WARN_ABOUT_MISSING_PROTOTYPES = YES;
				GCC_WARN_ABOUT_RETURN_TYPE = YES;
				GCC_WARN_UNUSED_VARIABLE = YES;
				IPHONEOS_DEPLOYMENT_TARGET = 5.0;
				OTHER_CFLAGS = "-DNS_BLOCK_ASSERTIONS=1";
				SDKROOT = iphoneos;
				TARGETED_DEVICE_FAMILY = 2;
				VALIDATE_PRODUCT = YES;
			};
			name = Release;
		};
		3EBF31D714EC92A500541A02 /* Debug */ = {
			isa = XCBuildConfiguration;
			buildSettings = {
				CLANG_ENABLE_OBJC_ARC = YES;
				CLANG_WARN_OBJCPP_ARC_ABI = YES;
				GCC_PRECOMPILE_PREFIX_HEADER = YES;
				GCC_PREFIX_HEADER = "Photos/Photos-Prefix.pch";
				INFOPLIST_FILE = "Photos/Photos-Info.plist";
				PRODUCT_NAME = "$(TARGET_NAME)";
				TARGETED_DEVICE_FAMILY = 2;
				WRAPPER_EXTENSION = app;
			};
			name = Debug;
		};
		3EBF31D814EC92A500541A02 /* Release */ = {
			isa = XCBuildConfiguration;
			buildSettings = {
				CLANG_ENABLE_OBJC_ARC = YES;
				CLANG_WARN_OBJCPP_ARC_ABI = YES;
				GCC_PRECOMPILE_PREFIX_HEADER = YES;
				GCC_PREFIX_HEADER = "Photos/Photos-Prefix.pch";
				INFOPLIST_FILE = "Photos/Photos-Info.plist";
				PRODUCT_NAME = "$(TARGET_NAME)";
				TARGETED_DEVICE_FAMILY = 2;
				WRAPPER_EXTENSION = app;
			};
			name = Release;
		};
/* End XCBuildConfiguration section */

/* Begin XCConfigurationList section */
		3EBF31B214EC92A500541A02 /* Build configuration list for PBXProject "Photos" */ = {
			isa = XCConfigurationList;
			buildConfigurations = (
				3EBF31D414EC92A500541A02 /* Debug */,
				3EBF31D514EC92A500541A02 /* Release */,
			);
			defaultConfigurationIsVisible = 0;
			defaultConfigurationName = Release;
		};
		3EBF31D614EC92A500541A02 /* Build configuration list for PBXNativeTarget "Photos" */ = {
			isa = XCConfigurationList;
			buildConfigurations = (
				3EBF31D714EC92A500541A02 /* Debug */,
				3EBF31D814EC92A500541A02 /* Release */,
			);
			defaultConfigurationIsVisible = 0;
			defaultConfigurationName = Release;
		};
/* End XCConfigurationList section */
	};
	rootObject = 3EBF31AF14EC92A500541A02 /* Project object */;
}
